# THIS IS AN AUTOGENERATED FILE. DO NOT EDIT THIS FILE DIRECTLY.
# yarn lockfile v1


simplex-noise@^4.0.1:
  version "4.0.1"
  resolved "https://registry.yarnpkg.com/simplex-noise/-/simplex-noise-4.0.1.tgz#1573a4eaa46ce488bdf5f1e7ab3a1f798126781f"
  integrity sha512-zl/+bdSqW7HJOQ0oDbxrNYaF4F5ik0i7M6YOYmEoIJNtg16NpvWaTTM1Y7oV/7T0jFljawLgYPS81Uu2rsfo1A==
